// !$*UTF8*$!
{
	archiveVersion = 1;
	classes = {
	};
	objectVersion = 51;
	objects = {

/* Begin PBXBuildFile section */
		4F7AE6CF2209DB2B00C56227 /* RxPlus.h in Headers */ = {isa = PBXBuildFile; fileRef = 4F7AE6CD2209DB2B00C56227 /* RxPlus.h */; settings = {ATTRIBUTES = (Public, ); }; };
		4FCA97962209DE8100660B08 /* Observable Collection.swift in Sources */ = {isa = PBXBuildFile; fileRef = 4FCA97952209DE8100660B08 /* Observable Collection.swift */; };
		4FCA97A02209E13F00660B08 /* RxSwift.framework in Frameworks */ = {isa = PBXBuildFile; fileRef = 4FCA979E2209E13F00660B08 /* RxSwift.framework */; };
		4FCA97A12209E13F00660B08 /* RxCocoa.framework in Frameworks */ = {isa = PBXBuildFile; fileRef = 4FCA979F2209E13F00660B08 /* RxCocoa.framework */; };
		4FCA97BD2209F41D00660B08 /* Bound Table View Controller.swift in Sources */ = {isa = PBXBuildFile; fileRef = 4FCA97BC2209F41D00660B08 /* Bound Table View Controller.swift */; };
		4FCA97BF2209F83900660B08 /* Tree Collection.swift in Sources */ = {isa = PBXBuildFile; fileRef = 4FCA97BE2209F83900660B08 /* Tree Collection.swift */; };
		4FCA97C12209F95000660B08 /* Observable Tree Collection.swift in Sources */ = {isa = PBXBuildFile; fileRef = 4FCA97C02209F95000660B08 /* Observable Tree Collection.swift */; };
		4FCA97C7220A080D00660B08 /* Fetched Collection.swift in Sources */ = {isa = PBXBuildFile; fileRef = 4FCA97C6220A080D00660B08 /* Fetched Collection.swift */; };
		4FCA97D5220A0F8900660B08 /* DepthKit.framework in Frameworks */ = {isa = PBXBuildFile; fileRef = 4FCA97D2220A0F7900660B08 /* DepthKit.framework */; };
/* End PBXBuildFile section */

/* Begin PBXContainerItemProxy section */
		4FCA97D1220A0F7900660B08 /* PBXContainerItemProxy */ = {
			isa = PBXContainerItemProxy;
			containerPortal = 4FCA97CA220A0F7900660B08 /* DepthKit.xcodeproj */;
			proxyType = 2;
			remoteGlobalIDString = "DepthKit::DepthKit::Product";
			remoteInfo = DepthKit;
		};
		4FCA97D3220A0F7900660B08 /* PBXContainerItemProxy */ = {
			isa = PBXContainerItemProxy;
			containerPortal = 4FCA97CA220A0F7900660B08 /* DepthKit.xcodeproj */;
			proxyType = 2;
			remoteGlobalIDString = "DepthKit::DepthKit Tests::Product";
			remoteInfo = "DepthKit Tests";
		};
/* End PBXContainerItemProxy section */

/* Begin PBXFileReference section */
		4F7AE6CA2209DB2B00C56227 /* RxPlus.framework */ = {isa = PBXFileReference; explicitFileType = wrapper.framework; includeInIndex = 0; path = RxPlus.framework; sourceTree = BUILT_PRODUCTS_DIR; };
		4F7AE6CD2209DB2B00C56227 /* RxPlus.h */ = {isa = PBXFileReference; lastKnownFileType = sourcecode.c.h; path = RxPlus.h; sourceTree = "<group>"; };
		4F7AE6CE2209DB2B00C56227 /* RxPlus.plist */ = {isa = PBXFileReference; lastKnownFileType = text.plist.xml; path = RxPlus.plist; sourceTree = "<group>"; };
		4FCA97952209DE8100660B08 /* Observable Collection.swift */ = {isa = PBXFileReference; lastKnownFileType = sourcecode.swift; path = "Observable Collection.swift"; sourceTree = "<group>"; };
		4FCA97972209DFC200660B08 /* Cartfile */ = {isa = PBXFileReference; lastKnownFileType = text; name = Cartfile; path = ../Cartfile; sourceTree = "<group>"; };
		4FCA979E2209E13F00660B08 /* RxSwift.framework */ = {isa = PBXFileReference; lastKnownFileType = wrapper.framework; name = RxSwift.framework; path = Carthage/Build/iOS/RxSwift.framework; sourceTree = "<group>"; };
		4FCA979F2209E13F00660B08 /* RxCocoa.framework */ = {isa = PBXFileReference; lastKnownFileType = wrapper.framework; name = RxCocoa.framework; path = Carthage/Build/iOS/RxCocoa.framework; sourceTree = "<group>"; };
		4FCA97BC2209F41D00660B08 /* Bound Table View Controller.swift */ = {isa = PBXFileReference; lastKnownFileType = sourcecode.swift; path = "Bound Table View Controller.swift"; sourceTree = "<group>"; };
		4FCA97BE2209F83900660B08 /* Tree Collection.swift */ = {isa = PBXFileReference; lastKnownFileType = sourcecode.swift; path = "Tree Collection.swift"; sourceTree = "<group>"; };
		4FCA97C02209F95000660B08 /* Observable Tree Collection.swift */ = {isa = PBXFileReference; lastKnownFileType = sourcecode.swift; path = "Observable Tree Collection.swift"; sourceTree = "<group>"; };
		4FCA97C6220A080D00660B08 /* Fetched Collection.swift */ = {isa = PBXFileReference; lastKnownFileType = sourcecode.swift; path = "Fetched Collection.swift"; sourceTree = "<group>"; };
		4FCA97CA220A0F7900660B08 /* DepthKit.xcodeproj */ = {isa = PBXFileReference; lastKnownFileType = "wrapper.pb-project"; name = DepthKit.xcodeproj; path = ../../DepthKit/DepthKit.xcodeproj; sourceTree = "<group>"; };
/* End PBXFileReference section */

/* Begin PBXFrameworksBuildPhase section */
		4F7AE6C72209DB2B00C56227 /* Frameworks */ = {
			isa = PBXFrameworksBuildPhase;
			buildActionMask = 2147483647;
			files = (
				4FCA97D5220A0F8900660B08 /* DepthKit.framework in Frameworks */,
				4FCA97A02209E13F00660B08 /* RxSwift.framework in Frameworks */,
				4FCA97A12209E13F00660B08 /* RxCocoa.framework in Frameworks */,
			);
			runOnlyForDeploymentPostprocessing = 0;
		};
/* End PBXFrameworksBuildPhase section */

/* Begin PBXGroup section */
		4F7AE6C02209DB2B00C56227 = {
			isa = PBXGroup;
			children = (
				4FCA97942209DE5000660B08 /* Observable Collection */,
				4F7AE6CC2209DB2B00C56227 /* Support */,
				4F7AE6CB2209DB2B00C56227 /* Products */,
				4FCA979D2209E13F00660B08 /* Frameworks */,
			);
			sourceTree = "<group>";
		};
		4F7AE6CB2209DB2B00C56227 /* Products */ = {
			isa = PBXGroup;
			children = (
				4F7AE6CA2209DB2B00C56227 /* RxPlus.framework */,
			);
			name = Products;
			sourceTree = "<group>";
		};
		4F7AE6CC2209DB2B00C56227 /* Support */ = {
			isa = PBXGroup;
			children = (
				4F7AE6CE2209DB2B00C56227 /* RxPlus.plist */,
				4F7AE6CD2209DB2B00C56227 /* RxPlus.h */,
				4FCA97972209DFC200660B08 /* Cartfile */,
				4FCA97CA220A0F7900660B08 /* DepthKit.xcodeproj */,
			);
			path = Support;
			sourceTree = "<group>";
		};
		4FCA97942209DE5000660B08 /* Observable Collection */ = {
			isa = PBXGroup;
			children = (
				4FCA97952209DE8100660B08 /* Observable Collection.swift */,
				4FCA97BE2209F83900660B08 /* Tree Collection.swift */,
				4FCA97C02209F95000660B08 /* Observable Tree Collection.swift */,
				4FCA97C6220A080D00660B08 /* Fetched Collection.swift */,
				4FCA97BC2209F41D00660B08 /* Bound Table View Controller.swift */,
			);
			path = "Observable Collection";
			sourceTree = "<group>";
		};
		4FCA979D2209E13F00660B08 /* Frameworks */ = {
			isa = PBXGroup;
			children = (
				4FCA979F2209E13F00660B08 /* RxCocoa.framework */,
				4FCA979E2209E13F00660B08 /* RxSwift.framework */,
			);
			name = Frameworks;
			sourceTree = "<group>";
		};
		4FCA97CB220A0F7900660B08 /* Products */ = {
			isa = PBXGroup;
			children = (
				4FCA97D2220A0F7900660B08 /* DepthKit.framework */,
				4FCA97D4220A0F7900660B08 /* DepthKit Tests.xctest */,
			);
			name = Products;
			sourceTree = "<group>";
		};
/* End PBXGroup section */

/* Begin PBXHeadersBuildPhase section */
		4F7AE6C52209DB2B00C56227 /* Headers */ = {
			isa = PBXHeadersBuildPhase;
			buildActionMask = 2147483647;
			files = (
				4F7AE6CF2209DB2B00C56227 /* RxPlus.h in Headers */,
			);
			runOnlyForDeploymentPostprocessing = 0;
		};
/* End PBXHeadersBuildPhase section */

/* Begin PBXNativeTarget section */
		4F7AE6C92209DB2B00C56227 /* RxPlus */ = {
			isa = PBXNativeTarget;
			buildConfigurationList = 4F7AE6D22209DB2B00C56227 /* Build configuration list for PBXNativeTarget "RxPlus" */;
			buildPhases = (
				4F7AE6C52209DB2B00C56227 /* Headers */,
				4F7AE6C62209DB2B00C56227 /* Sources */,
				4F7AE6C72209DB2B00C56227 /* Frameworks */,
				4F7AE6C82209DB2B00C56227 /* Resources */,
			);
			buildRules = (
			);
			dependencies = (
			);
			name = RxPlus;
			productName = RxPlus;
			productReference = 4F7AE6CA2209DB2B00C56227 /* RxPlus.framework */;
			productType = "com.apple.product-type.framework";
		};
/* End PBXNativeTarget section */

/* Begin PBXProject section */
		4F7AE6C12209DB2B00C56227 /* Project object */ = {
			isa = PBXProject;
			attributes = {
				CLASSPREFIX = RxPlus;
				LastUpgradeCheck = 1010;
				ORGANIZATIONNAME = "Constantino Tsarouhas";
				TargetAttributes = {
					4F7AE6C92209DB2B00C56227 = {
						CreatedOnToolsVersion = 10.1;
						LastSwiftMigration = 1010;
					};
				};
			};
			buildConfigurationList = 4F7AE6C42209DB2B00C56227 /* Build configuration list for PBXProject "RxPlus" */;
			compatibilityVersion = "Xcode 10.0";
			developmentRegion = en;
			hasScannedForEncodings = 0;
			knownRegions = (
				en,
			);
			mainGroup = 4F7AE6C02209DB2B00C56227;
			productRefGroup = 4F7AE6CB2209DB2B00C56227 /* Products */;
			projectDirPath = "";
			projectReferences = (
				{
					ProductGroup = 4FCA97CB220A0F7900660B08 /* Products */;
					ProjectRef = 4FCA97CA220A0F7900660B08 /* DepthKit.xcodeproj */;
				},
			);
			projectRoot = "";
			targets = (
				4F7AE6C92209DB2B00C56227 /* RxPlus */,
			);
		};
/* End PBXProject section */

/* Begin PBXReferenceProxy section */
		4FCA97D2220A0F7900660B08 /* DepthKit.framework */ = {
			isa = PBXReferenceProxy;
			fileType = wrapper.framework;
			path = DepthKit.framework;
			remoteRef = 4FCA97D1220A0F7900660B08 /* PBXContainerItemProxy */;
			sourceTree = BUILT_PRODUCTS_DIR;
		};
		4FCA97D4220A0F7900660B08 /* DepthKit Tests.xctest */ = {
			isa = PBXReferenceProxy;
			fileType = wrapper.cfbundle;
			path = "DepthKit Tests.xctest";
			remoteRef = 4FCA97D3220A0F7900660B08 /* PBXContainerItemProxy */;
			sourceTree = BUILT_PRODUCTS_DIR;
		};
/* End PBXReferenceProxy section */

/* Begin PBXResourcesBuildPhase section */
		4F7AE6C82209DB2B00C56227 /* Resources */ = {
			isa = PBXResourcesBuildPhase;
			buildActionMask = 2147483647;
			files = (
			);
			runOnlyForDeploymentPostprocessing = 0;
		};
/* End PBXResourcesBuildPhase section */

/* Begin PBXSourcesBuildPhase section */
		4F7AE6C62209DB2B00C56227 /* Sources */ = {
			isa = PBXSourcesBuildPhase;
			buildActionMask = 2147483647;
			files = (
				4FCA97BD2209F41D00660B08 /* Bound Table View Controller.swift in Sources */,
				4FCA97BF2209F83900660B08 /* Tree Collection.swift in Sources */,
				4FCA97C7220A080D00660B08 /* Fetched Collection.swift in Sources */,
				4FCA97962209DE8100660B08 /* Observable Collection.swift in Sources */,
				4FCA97C12209F95000660B08 /* Observable Tree Collection.swift in Sources */,
			);
			runOnlyForDeploymentPostprocessing = 0;
		};
/* End PBXSourcesBuildPhase section */

/* Begin XCBuildConfiguration section */
		4F7AE6D02209DB2B00C56227 /* Debug */ = {
			isa = XCBuildConfiguration;
			buildSettings = {
				ALWAYS_SEARCH_USER_PATHS = NO;
				CLANG_ANALYZER_NONNULL = YES;
				CLANG_ANALYZER_NUMBER_OBJECT_CONVERSION = YES_AGGRESSIVE;
				CLANG_ENABLE_MODULES = YES;
				CLANG_ENABLE_OBJC_ARC = YES;
				CLANG_ENABLE_OBJC_WEAK = YES;
				CLANG_WARN_BLOCK_CAPTURE_AUTORELEASING = YES;
				CLANG_WARN_BOOL_CONVERSION = YES;
				CLANG_WARN_COMMA = YES;
				CLANG_WARN_CONSTANT_CONVERSION = YES;
				CLANG_WARN_DEPRECATED_OBJC_IMPLEMENTATIONS = YES;
				CLANG_WARN_DIRECT_OBJC_ISA_USAGE = YES_ERROR;
				CLANG_WARN_DOCUMENTATION_COMMENTS = YES;
				CLANG_WARN_EMPTY_BODY = YES;
				CLANG_WARN_ENUM_CONVERSION = YES;
				CLANG_WARN_INFINITE_RECURSION = YES;
				CLANG_WARN_INT_CONVERSION = YES;
				CLANG_WARN_NON_LITERAL_NULL_CONVERSION = YES;
				CLANG_WARN_OBJC_IMPLICIT_RETAIN_SELF = YES;
				CLANG_WARN_OBJC_LITERAL_CONVERSION = YES;
				CLANG_WARN_OBJC_ROOT_CLASS = YES_ERROR;
				CLANG_WARN_RANGE_LOOP_ANALYSIS = YES;
				CLANG_WARN_STRICT_PROTOTYPES = YES;
				CLANG_WARN_SUSPICIOUS_MOVE = YES;
				CLANG_WARN_UNGUARDED_AVAILABILITY = YES_AGGRESSIVE;
				CLANG_WARN_UNREACHABLE_CODE = YES;
				CLANG_WARN__DUPLICATE_METHOD_MATCH = YES;
				CODE_SIGN_IDENTITY = "iPhone Developer";
				COPY_PHASE_STRIP = NO;
				CURRENT_PROJECT_VERSION = 1;
				DEBUG_INFORMATION_FORMAT = dwarf;
				ENABLE_STRICT_OBJC_MSGSEND = YES;
				ENABLE_TESTABILITY = YES;
				GCC_DYNAMIC_NO_PIC = NO;
				GCC_NO_COMMON_BLOCKS = YES;
				GCC_OPTIMIZATION_LEVEL = 0;
				GCC_PREPROCESSOR_DEFINITIONS = (
					"DEBUG=1",
					"$(inherited)",
				);
				GCC_WARN_64_TO_32_BIT_CONVERSION = YES;
				GCC_WARN_ABOUT_RETURN_TYPE = YES_ERROR;
				GCC_WARN_UNDECLARED_SELECTOR = YES;
				GCC_WARN_UNINITIALIZED_AUTOS = YES_AGGRESSIVE;
				GCC_WARN_UNUSED_FUNCTION = YES;
				GCC_WARN_UNUSED_VARIABLE = YES;
				INFOPLIST_FILE = "Support/$(TARGET_NAME).plist";
				IPHONEOS_DEPLOYMENT_TARGET = 12.1;
				MTL_ENABLE_DEBUG_INFO = INCLUDE_SOURCE;
				MTL_FAST_MATH = YES;
				ONLY_ACTIVE_ARCH = YES;
				PRODUCT_BUNDLE_IDENTIFIER = "com.creatunit.$(TARGET_NAME)";
				PRODUCT_NAME = "$(TARGET_NAME)";
				SDKROOT = iphoneos;
				SWIFT_ACTIVE_COMPILATION_CONDITIONS = DEBUG;
				SWIFT_OPTIMIZATION_LEVEL = "-Onone";
				SWIFT_VERSION = 4.2;
				VERSIONING_SYSTEM = "apple-generic";
				VERSION_INFO_PREFIX = "";
			};
			name = Debug;
		};
		4F7AE6D12209DB2B00C56227 /* Release */ = {
			isa = XCBuildConfiguration;
			buildSettings = {
				ALWAYS_SEARCH_USER_PATHS = NO;
				CLANG_ANALYZER_NONNULL = YES;
				CLANG_ANALYZER_NUMBER_OBJECT_CONVERSION = YES_AGGRESSIVE;
				CLANG_ENABLE_MODULES = YES;
				CLANG_ENABLE_OBJC_ARC = YES;
				CLANG_ENABLE_OBJC_WEAK = YES;
				CLANG_WARN_BLOCK_CAPTURE_AUTORELEASING = YES;
				CLANG_WARN_BOOL_CONVERSION = YES;
				CLANG_WARN_COMMA = YES;
				CLANG_WARN_CONSTANT_CONVERSION = YES;
				CLANG_WARN_DEPRECATED_OBJC_IMPLEMENTATIONS = YES;
				CLANG_WARN_DIRECT_OBJC_ISA_USAGE = YES_ERROR;
				CLANG_WARN_DOCUMENTATION_COMMENTS = YES;
				CLANG_WARN_EMPTY_BODY = YES;
				CLANG_WARN_ENUM_CONVERSION = YES;
				CLANG_WARN_INFINITE_RECURSION = YES;
				CLANG_WARN_INT_CONVERSION = YES;
				CLANG_WARN_NON_LITERAL_NULL_CONVERSION = YES;
				CLANG_WARN_OBJC_IMPLICIT_RETAIN_SELF = YES;
				CLANG_WARN_OBJC_LITERAL_CONVERSION = YES;
				CLANG_WARN_OBJC_ROOT_CLASS = YES_ERROR;
				CLANG_WARN_RANGE_LOOP_ANALYSIS = YES;
				CLANG_WARN_STRICT_PROTOTYPES = YES;
				CLANG_WARN_SUSPICIOUS_MOVE = YES;
				CLANG_WARN_UNGUARDED_AVAILABILITY = YES_AGGRESSIVE;
				CLANG_WARN_UNREACHABLE_CODE = YES;
				CLANG_WARN__DUPLICATE_METHOD_MATCH = YES;
				CODE_SIGN_IDENTITY = "iPhone Developer";
				COPY_PHASE_STRIP = NO;
				CURRENT_PROJECT_VERSION = 1;
				DEBUG_INFORMATION_FORMAT = "dwarf-with-dsym";
				ENABLE_NS_ASSERTIONS = NO;
				ENABLE_STRICT_OBJC_MSGSEND = YES;
				GCC_NO_COMMON_BLOCKS = YES;
				GCC_WARN_64_TO_32_BIT_CONVERSION = YES;
				GCC_WARN_ABOUT_RETURN_TYPE = YES_ERROR;
				GCC_WARN_UNDECLARED_SELECTOR = YES;
				GCC_WARN_UNINITIALIZED_AUTOS = YES_AGGRESSIVE;
				GCC_WARN_UNUSED_FUNCTION = YES;
				GCC_WARN_UNUSED_VARIABLE = YES;
				INFOPLIST_FILE = "Support/$(TARGET_NAME).plist";
				IPHONEOS_DEPLOYMENT_TARGET = 12.1;
				MTL_ENABLE_DEBUG_INFO = NO;
				MTL_FAST_MATH = YES;
				PRODUCT_BUNDLE_IDENTIFIER = "com.creatunit.$(TARGET_NAME)";
				PRODUCT_NAME = "$(TARGET_NAME)";
				SDKROOT = iphoneos;
				SWIFT_COMPILATION_MODE = wholemodule;
				SWIFT_OPTIMIZATION_LEVEL = "-O";
				SWIFT_VERSION = 4.2;
				VALIDATE_PRODUCT = YES;
				VERSIONING_SYSTEM = "apple-generic";
				VERSION_INFO_PREFIX = "";
			};
			name = Release;
		};
		4F7AE6D32209DB2B00C56227 /* Debug */ = {
			isa = XCBuildConfiguration;
			buildSettings = {
				CLANG_ENABLE_MODULES = YES;
				CODE_SIGN_IDENTITY = "";
				CODE_SIGN_STYLE = Automatic;
				DEFINES_MODULE = YES;
				DEVELOPMENT_TEAM = RHHVBP3SJ2;
				DYLIB_COMPATIBILITY_VERSION = 1;
				DYLIB_CURRENT_VERSION = 1;
				DYLIB_INSTALL_NAME_BASE = "@rpath";
				FRAMEWORK_SEARCH_PATHS = (
					"$(inherited)",
					"$(PROJECT_DIR)/Carthage/Build/iOS",
				);
				INSTALL_PATH = "$(LOCAL_LIBRARY_DIR)/Frameworks";
				LD_RUNPATH_SEARCH_PATHS = (
					"$(inherited)",
					"@executable_path/Frameworks",
					"@loader_path/Frameworks",
				);
				SKIP_INSTALL = YES;
				SWIFT_OPTIMIZATION_LEVEL = "-Onone";
				SWIFT_VERSION = 4.2;
				TARGETED_DEVICE_FAMILY = "1,2";
			};
			name = Debug;
		};
		4F7AE6D42209DB2B00C56227 /* Release */ = {
			isa = XCBuildConfiguration;
			buildSettings = {
				CLANG_ENABLE_MODULES = YES;
				CODE_SIGN_IDENTITY = "";
				CODE_SIGN_STYLE = Automatic;
				DEFINES_MODULE = YES;
				DEVELOPMENT_TEAM = RHHVBP3SJ2;
				DYLIB_COMPATIBILITY_VERSION = 1;
				DYLIB_CURRENT_VERSION = 1;
				DYLIB_INSTALL_NAME_BASE = "@rpath";
				FRAMEWORK_SEARCH_PATHS = (
					"$(inherited)",
					"$(PROJECT_DIR)/Carthage/Build/iOS",
				);
				INSTALL_PATH = "$(LOCAL_LIBRARY_DIR)/Frameworks";
				LD_RUNPATH_SEARCH_PATHS = (
					"$(inherited)",
					"@executable_path/Frameworks",
					"@loader_path/Frameworks",
				);
				SKIP_INSTALL = YES;
				SWIFT_VERSION = 4.2;
				TARGETED_DEVICE_FAMILY = "1,2";
			};
			name = Release;
		};
/* End XCBuildConfiguration section */

/* Begin XCConfigurationList section */
		4F7AE6C42209DB2B00C56227 /* Build configuration list for PBXProject "RxPlus" */ = {
			isa = XCConfigurationList;
			buildConfigurations = (
				4F7AE6D02209DB2B00C56227 /* Debug */,
				4F7AE6D12209DB2B00C56227 /* Release */,
			);
			defaultConfigurationIsVisible = 0;
			defaultConfigurationName = Release;
		};
		4F7AE6D22209DB2B00C56227 /* Build configuration list for PBXNativeTarget "RxPlus" */ = {
			isa = XCConfigurationList;
			buildConfigurations = (
				4F7AE6D32209DB2B00C56227 /* Debug */,
				4F7AE6D42209DB2B00C56227 /* Release */,
			);
			defaultConfigurationIsVisible = 0;
			defaultConfigurationName = Release;
		};
/* End XCConfigurationList section */
	};
	rootObject = 4F7AE6C12209DB2B00C56227 /* Project object */;
}
